
Microsoft Visual Studio Solution File, Format Version 12.00
# Visual Studio Version 16
VisualStudioVersion = 16.0.31515.178
MinimumVisualStudioVersion = 10.0.40219.1
Project("{FAE04EC0-301F-11D3-BF4B-00C04F79EFBC}") = "az303webapp", "az303webapp\az303webapp.csproj", "{47D84C80-DB47-4807-9BF9-DAD6117F9072}"
EndProject
Global
	GlobalSection(SolutionConfigurationPlatforms) = preSolution
		Debug|Any CPU = Debug|Any CPU
		Release|Any CPU = Release|Any CPU
	EndGlobalSection
	GlobalSection(ProjectConfigurationPlatforms) = postSolution
		{47D84C80-DB47-4807-9BF9-DAD6117F9072}.Debug|Any CPU.ActiveCfg = Debug|Any CPU
		{47D84C80-DB47-4807-9BF9-DAD6117F9072}.Debug|Any CPU.Build.0 = Debug|Any CPU
		{47D84C80-DB47-4807-9BF9-DAD6117F9072}.Release|Any CPU.ActiveCfg = Release|Any CPU
		{47D84C80-DB47-4807-9BF9-DAD6117F9072}.Release|Any CPU.Build.0 = Release|Any CPU
	EndGlobalSection
	GlobalSection(SolutionProperties) = preSolution
		HideSolutionNode = FALSE
	EndGlobalSection
	GlobalSection(ExtensibilityGlobals) = postSolution
		SolutionGuid = {04128DC6-BA26-441B-80AB-56BB40D284FD}
	EndGlobalSection
EndGlobal
